// !$*UTF8*$!
{
	archiveVersion = 1;
	classes = {
	};
	objectVersion = 46;
	objects = {

/* Begin PBXBuildFile section */
		187C30911EF11A0F006ACFD9 /* AppDelegate.swift in Sources */ = {isa = PBXBuildFile; fileRef = 187C30901EF11A0F006ACFD9 /* AppDelegate.swift */; };
		187C30931EF11A0F006ACFD9 /* ViewController.swift in Sources */ = {isa = PBXBuildFile; fileRef = 187C30921EF11A0F006ACFD9 /* ViewController.swift */; };
		187C30961EF11A0F006ACFD9 /* Main.storyboard in Resources */ = {isa = PBXBuildFile; fileRef = 187C30941EF11A0F006ACFD9 /* Main.storyboard */; };
		187C30981EF11A0F006ACFD9 /* Assets.xcassets in Resources */ = {isa = PBXBuildFile; fileRef = 187C30971EF11A0F006ACFD9 /* Assets.xcassets */; };
		187C309B1EF11A0F006ACFD9 /* LaunchScreen.storyboard in Resources */ = {isa = PBXBuildFile; fileRef = 187C30991EF11A0F006ACFD9 /* LaunchScreen.storyboard */; };
/* End PBXBuildFile section */

/* Begin PBXFileReference section */
		187C308D1EF11A0F006ACFD9 /* CombineFramework.app */ = {isa = PBXFileReference; explicitFileType = wrapper.application; includeInIndex = 0; path = CombineFramework.app; sourceTree = BUILT_PRODUCTS_DIR; };
		187C30901EF11A0F006ACFD9 /* AppDelegate.swift */ = {isa = PBXFileReference; lastKnownFileType = sourcecode.swift; path = AppDelegate.swift; sourceTree = "<group>"; };
		187C30921EF11A0F006ACFD9 /* ViewController.swift */ = {isa = PBXFileReference; lastKnownFileType = sourcecode.swift; path = ViewController.swift; sourceTree = "<group>"; };
		187C30951EF11A0F006ACFD9 /* Base */ = {isa = PBXFileReference; lastKnownFileType = file.storyboard; name = Base; path = Base.lproj/Main.storyboard; sourceTree = "<group>"; };
		187C30971EF11A0F006ACFD9 /* Assets.xcassets */ = {isa = PBXFileReference; lastKnownFileType = folder.assetcatalog; path = Assets.xcassets; sourceTree = "<group>"; };
		187C309A1EF11A0F006ACFD9 /* Base */ = {isa = PBXFileReference; lastKnownFileType = file.storyboard; name = Base; path = Base.lproj/LaunchScreen.storyboard; sourceTree = "<group>"; };
		187C309C1EF11A0F006ACFD9 /* Info.plist */ = {isa = PBXFileReference; lastKnownFileType = text.plist.xml; path = Info.plist; sourceTree = "<group>"; };
/* End PBXFileReference section */

/* Begin PBXFrameworksBuildPhase section */
		187C308A1EF11A0F006ACFD9 /* Frameworks */ = {
			isa = PBXFrameworksBuildPhase;
			buildActionMask = 2147483647;
			files = (
			);
			runOnlyForDeploymentPostprocessing = 0;
		};
/* End PBXFrameworksBuildPhase section */

/* Begin PBXGroup section */
		187C30841EF11A0F006ACFD9 = {
			isa = PBXGroup;
			children = (
				187C308F1EF11A0F006ACFD9 /* CombineFramework */,
				187C308E1EF11A0F006ACFD9 /* Products */,
			);
			sourceTree = "<group>";
		};
		187C308E1EF11A0F006ACFD9 /* Products */ = {
			isa = PBXGroup;
			children = (
				187C308D1EF11A0F006ACFD9 /* CombineFramework.app */,
			);
			name = Products;
			sourceTree = "<group>";
		};
		187C308F1EF11A0F006ACFD9 /* CombineFramework */ = {
			isa = PBXGroup;
			children = (
				187C30901EF11A0F006ACFD9 /* AppDelegate.swift */,
				187C30921EF11A0F006ACFD9 /* ViewController.swift */,
				187C30941EF11A0F006ACFD9 /* Main.storyboard */,
				187C30971EF11A0F006ACFD9 /* Assets.xcassets */,
				187C30991EF11A0F006ACFD9 /* LaunchScreen.storyboard */,
				187C309C1EF11A0F006ACFD9 /* Info.plist */,
			);
			path = CombineFramework;
			sourceTree = "<group>";
		};
/* End PBXGroup section */

/* Begin PBXNativeTarget section */
		187C308C1EF11A0F006ACFD9 /* CombineFramework */ = {
			isa = PBXNativeTarget;
			buildConfigurationList = 187C309F1EF11A0F006ACFD9 /* Build configuration list for PBXNativeTarget "CombineFramework" */;
			buildPhases = (
				187C30891EF11A0F006ACFD9 /* Sources */,
				187C308A1EF11A0F006ACFD9 /* Frameworks */,
				187C308B1EF11A0F006ACFD9 /* Resources */,
			);
			buildRules = (
			);
			dependencies = (
			);
			name = CombineFramework;
			productName = CombineFramework;
			productReference = 187C308D1EF11A0F006ACFD9 /* CombineFramework.app */;
			productType = "com.apple.product-type.application";
		};
/* End PBXNativeTarget section */

/* Begin PBXProject section */
		187C30851EF11A0F006ACFD9 /* Project object */ = {
			isa = PBXProject;
			attributes = {
				LastSwiftUpdateCheck = 0800;
				LastUpgradeCheck = 0800;
				ORGANIZATIONNAME = ndot;
				TargetAttributes = {
					187C308C1EF11A0F006ACFD9 = {
						CreatedOnToolsVersion = 8.0;
						ProvisioningStyle = Automatic;
					};
				};
			};
			buildConfigurationList = 187C30881EF11A0F006ACFD9 /* Build configuration list for PBXProject "CombineFramework" */;
			compatibilityVersion = "Xcode 3.2";
			developmentRegion = English;
			hasScannedForEncodings = 0;
			knownRegions = (
				en,
				Base,
			);
			mainGroup = 187C30841EF11A0F006ACFD9;
			productRefGroup = 187C308E1EF11A0F006ACFD9 /* Products */;
			projectDirPath = "";
			projectRoot = "";
			targets = (
				187C308C1EF11A0F006ACFD9 /* CombineFramework */,
			);
		};
/* End PBXProject section */

/* Begin PBXResourcesBuildPhase section */
		187C308B1EF11A0F006ACFD9 /* Resources */ = {
			isa = PBXResourcesBuildPhase;
			buildActionMask = 2147483647;
			files = (
				187C309B1EF11A0F006ACFD9 /* LaunchScreen.storyboard in Resources */,
				187C30981EF11A0F006ACFD9 /* Assets.xcassets in Resources */,
				187C30961EF11A0F006ACFD9 /* Main.storyboard in Resources */,
			);
			runOnlyForDeploymentPostprocessing = 0;
		};
/* End PBXResourcesBuildPhase section */

/* Begin PBXSourcesBuildPhase section */
		187C30891EF11A0F006ACFD9 /* Sources */ = {
			isa = PBXSourcesBuildPhase;
			buildActionMask = 2147483647;
			files = (
				187C30931EF11A0F006ACFD9 /* ViewController.swift in Sources */,
				187C30911EF11A0F006ACFD9 /* AppDelegate.swift in Sources */,
			);
			runOnlyForDeploymentPostprocessing = 0;
		};
/* End PBXSourcesBuildPhase section */

/* Begin PBXVariantGroup section */
		187C30941EF11A0F006ACFD9 /* Main.storyboard */ = {
			isa = PBXVariantGroup;
			children = (
				187C30951EF11A0F006ACFD9 /* Base */,
			);
			name = Main.storyboard;
			sourceTree = "<group>";
		};
		187C30991EF11A0F006ACFD9 /* LaunchScreen.storyboard */ = {
			isa = PBXVariantGroup;
			children = (
				187C309A1EF11A0F006ACFD9 /* Base */,
			);
			name = LaunchScreen.storyboard;
			sourceTree = "<group>";
		};
/* End PBXVariantGroup section */

/* Begin XCBuildConfiguration section */
		187C309D1EF11A0F006ACFD9 /* Debug */ = {
			isa = XCBuildConfiguration;
			buildSettings = {
				ALWAYS_SEARCH_USER_PATHS = NO;
				CLANG_ANALYZER_NONNULL = YES;
				CLANG_CXX_LANGUAGE_STANDARD = "gnu++0x";
				CLANG_CXX_LIBRARY = "libc++";
				CLANG_ENABLE_MODULES = YES;
				CLANG_ENABLE_OBJC_ARC = YES;
				CLANG_WARN_BOOL_CONVERSION = YES;
				CLANG_WARN_CONSTANT_CONVERSION = YES;
				CLANG_WARN_DIRECT_OBJC_ISA_USAGE = YES_ERROR;
				CLANG_WARN_DOCUMENTATION_COMMENTS = YES;
				CLANG_WARN_EMPTY_BODY = YES;
				CLANG_WARN_ENUM_CONVERSION = YES;
				CLANG_WARN_INFINITE_RECURSION = YES;
				CLANG_WARN_INT_CONVERSION = YES;
				CLANG_WARN_OBJC_ROOT_CLASS = YES_ERROR;
				CLANG_WARN_SUSPICIOUS_MOVES = YES;
				CLANG_WARN_UNREACHABLE_CODE = YES;
				CLANG_WARN__DUPLICATE_METHOD_MATCH = YES;
				"CODE_SIGN_IDENTITY[sdk=iphoneos*]" = "iPhone Developer";
				COPY_PHASE_STRIP = NO;
				DEBUG_INFORMATION_FORMAT = dwarf;
				ENABLE_STRICT_OBJC_MSGSEND = YES;
				ENABLE_TESTABILITY = YES;
				GCC_C_LANGUAGE_STANDARD = gnu99;
				GCC_DYNAMIC_NO_PIC = NO;
				GCC_NO_COMMON_BLOCKS = YES;
				GCC_OPTIMIZATION_LEVEL = 0;
				GCC_PREPROCESSOR_DEFINITIONS = (
					"DEBUG=1",
					"$(inherited)",
				);
				GCC_WARN_64_TO_32_BIT_CONVERSION = YES;
				GCC_WARN_ABOUT_RETURN_TYPE = YES_ERROR;
				GCC_WARN_UNDECLARED_SELECTOR = YES;
				GCC_WARN_UNINITIALIZED_AUTOS = YES_AGGRESSIVE;
				GCC_WARN_UNUSED_FUNCTION = YES;
				GCC_WARN_UNUSED_VARIABLE = YES;
				IPHONEOS_DEPLOYMENT_TARGET = 10.0;
				MTL_ENABLE_DEBUG_INFO = YES;
				ONLY_ACTIVE_ARCH = YES;
				SDKROOT = iphoneos;
				SWIFT_ACTIVE_COMPILATION_CONDITIONS = DEBUG;
				SWIFT_OPTIMIZATION_LEVEL = "-Onone";
				TARGETED_DEVICE_FAMILY = "1,2";
			};
			name = Debug;
		};
		187C309E1EF11A0F006ACFD9 /* Release */ = {
			isa = XCBuildConfiguration;
			buildSettings = {
				ALWAYS_SEARCH_USER_PATHS = NO;
				CLANG_ANALYZER_NONNULL = YES;
				CLANG_CXX_LANGUAGE_STANDARD = "gnu++0x";
				CLANG_CXX_LIBRARY = "libc++";
				CLANG_ENABLE_MODULES = YES;
				CLANG_ENABLE_OBJC_ARC = YES;
				CLANG_WARN_BOOL_CONVERSION = YES;
				CLANG_WARN_CONSTANT_CONVERSION = YES;
				CLANG_WARN_DIRECT_OBJC_ISA_USAGE = YES_ERROR;
				CLANG_WARN_DOCUMENTATION_COMMENTS = YES;
				CLANG_WARN_EMPTY_BODY = YES;
				CLANG_WARN_ENUM_CONVERSION = YES;
				CLANG_WARN_INFINITE_RECURSION = YES;
				CLANG_WARN_INT_CONVERSION = YES;
				CLANG_WARN_OBJC_ROOT_CLASS = YES_ERROR;
				CLANG_WARN_SUSPICIOUS_MOVES = YES;
				CLANG_WARN_UNREACHABLE_CODE = YES;
				CLANG_WARN__DUPLICATE_METHOD_MATCH = YES;
				"CODE_SIGN_IDENTITY[sdk=iphoneos*]" = "iPhone Developer";
				COPY_PHASE_STRIP = NO;
				DEBUG_INFORMATION_FORMAT = "dwarf-with-dsym";
				ENABLE_NS_ASSERTIONS = NO;
				ENABLE_STRICT_OBJC_MSGSEND = YES;
				GCC_C_LANGUAGE_STANDARD = gnu99;
				GCC_NO_COMMON_BLOCKS = YES;
				GCC_WARN_64_TO_32_BIT_CONVERSION = YES;
				GCC_WARN_ABOUT_RETURN_TYPE = YES_ERROR;
				GCC_WARN_UNDECLARED_SELECTOR = YES;
				GCC_WARN_UNINITIALIZED_AUTOS = YES_AGGRESSIVE;
				GCC_WARN_UNUSED_FUNCTION = YES;
				GCC_WARN_UNUSED_VARIABLE = YES;
				IPHONEOS_DEPLOYMENT_TARGET = 10.0;
				MTL_ENABLE_DEBUG_INFO = NO;
				SDKROOT = iphoneos;
				SWIFT_OPTIMIZATION_LEVEL = "-Owholemodule";
				TARGETED_DEVICE_FAMILY = "1,2";
				VALIDATE_PRODUCT = YES;
			};
			name = Release;
		};
		187C30A01EF11A0F006ACFD9 /* Debug */ = {
			isa = XCBuildConfiguration;
			buildSettings = {
				ASSETCATALOG_COMPILER_APPICON_NAME = AppIcon;
				INFOPLIST_FILE = CombineFramework/Info.plist;
				LD_RUNPATH_SEARCH_PATHS = "$(inherited) @executable_path/Frameworks";
				PRODUCT_BUNDLE_IDENTIFIER = com.ndot.CombineFramework;
				PRODUCT_NAME = "$(TARGET_NAME)";
				SWIFT_VERSION = 3.0;
			};
			name = Debug;
		};
		187C30A11EF11A0F006ACFD9 /* Release */ = {
			isa = XCBuildConfiguration;
			buildSettings = {
				ASSETCATALOG_COMPILER_APPICON_NAME = AppIcon;
				INFOPLIST_FILE = CombineFramework/Info.plist;
				LD_RUNPATH_SEARCH_PATHS = "$(inherited) @executable_path/Frameworks";
				PRODUCT_BUNDLE_IDENTIFIER = com.ndot.CombineFramework;
				PRODUCT_NAME = "$(TARGET_NAME)";
				SWIFT_VERSION = 3.0;
			};
			name = Release;
		};
/* End XCBuildConfiguration section */

/* Begin XCConfigurationList section */
		187C30881EF11A0F006ACFD9 /* Build configuration list for PBXProject "CombineFramework" */ = {
			isa = XCConfigurationList;
			buildConfigurations = (
				187C309D1EF11A0F006ACFD9 /* Debug */,
				187C309E1EF11A0F006ACFD9 /* Release */,
			);
			defaultConfigurationIsVisible = 0;
			defaultConfigurationName = Release;
		};
		187C309F1EF11A0F006ACFD9 /* Build configuration list for PBXNativeTarget "CombineFramework" */ = {
			isa = XCConfigurationList;
			buildConfigurations = (
				187C30A01EF11A0F006ACFD9 /* Debug */,
				187C30A11EF11A0F006ACFD9 /* Release */,
			);
			defaultConfigurationIsVisible = 0;
		};
/* End XCConfigurationList section */
	};
	rootObject = 187C30851EF11A0F006ACFD9 /* Project object */;
}
